{
  "name": "js-update",
  "version": "1.0.0",
  "lockfileVersion": 2,
  "requires": true,
  "packages": {
    "": {
      "name": "js-update",
      "version": "1.0.0",
      "license": "ISC",
      "dependencies": {
        "@swc/core": "^1.3.19",
        "@types/node": "^18.11.9"
      }
    },
    "node_modules/@swc/core": {
      "version": "1.3.19",
      "resolved": "https://registry.npmjs.org/@swc/core/-/core-1.3.19.tgz",
      "integrity": "sha512-KiXUv2vpmOaGhoLCN9Rw7Crsfq1YmOR2ZbajiqNAh/iu0d3CKn5JZhLRs6S7nCk78cwFFac2obQfTWPePLUe/g==",
      "hasInstallScript": true,
      "bin": {
        "swcx": "run_swcx.js"
      },
      "engines": {
        "node": ">=10"
      },
      "funding": {
        "type": "opencollective",
        "url": "https://opencollective.com/swc"
      },
      "optionalDependencies": {
        "@swc/core-darwin-arm64": "1.3.19",
        "@swc/core-darwin-x64": "1.3.19",
        "@swc/core-linux-arm-gnueabihf": "1.3.19",
        "@swc/core-linux-arm64-gnu": "1.3.19",
        "@swc/core-linux-arm64-musl": "1.3.19",
        "@swc/core-linux-x64-gnu": "1.3.19",
        "@swc/core-linux-x64-musl": "1.3.19",
        "@swc/core-win32-arm64-msvc": "1.3.19",
        "@swc/core-win32-ia32-msvc": "1.3.19",
        "@swc/core-win32-x64-msvc": "1.3.19"
      }
    },
    "node_modules/@swc/core-darwin-arm64": {
      "version": "1.3.19",
      "resolved": "https://registry.npmjs.org/@swc/core-darwin-arm64/-/core-darwin-arm64-1.3.19.tgz",
      "integrity": "sha512-6xLtmXzS4nNWGQkajbiAjGXspUJfxS2IWoGQ16J9nfOFdttKyoIG5o5+mxUfKeg5bXw9cI+r675kN/irx3z7MQ==",
      "cpu": [
        "arm64"
      ],
      "optional": true,
      "os": [
        "darwin"
      ],
      "engines": {
        "node": ">=10"
      }
    },
    "node_modules/@swc/core-darwin-x64": {
      "version": "1.3.19",
      "resolved": "https://registry.npmjs.org/@swc/core-darwin-x64/-/core-darwin-x64-1.3.19.tgz",
      "integrity": "sha512-qCDQcngYBeWrsNS1kcBslRD0dahKcYKaUUWRC9yHpRcs3SRvnSpJyWQR4y9RCdO9YNmixJ9+5+zPD9qcgL7jBw==",
      "cpu": [
        "x64"
      ],
      "optional": true,
      "os": [
        "darwin"
      ],
      "engines": {
        "node": ">=10"
      }
    },
    "node_modules/@swc/core-linux-arm-gnueabihf": {
      "version": "1.3.19",
      "resolved": "https://registry.npmjs.org/@swc/core-linux-arm-gnueabihf/-/core-linux-arm-gnueabihf-1.3.19.tgz",
      "integrity": "sha512-ufbKW6Lhii1+kVCXnsHgqYIpRvXhPjdhMudfP4KKVgJtT6TsdEIr+KRAQIBHLjRUsTKA2DLsGEpu9jfjwFiNEg==",
      "cpu": [
        "arm"
      ],
      "optional": true,
      "os": [
        "linux"
      ],
      "engines": {
        "node": ">=10"
      }
    },
    "node_modules/@swc/core-linux-arm64-gnu": {
      "version": "1.3.19",
      "resolved": "https://registry.npmjs.org/@swc/core-linux-arm64-gnu/-/core-linux-arm64-gnu-1.3.19.tgz",
      "integrity": "sha512-HHhqLRZv9Ss8orJrlEP4XRcLuqLDwFtGgbtHU8kyWBmQEtK42uT18Pf5RJBo5sPJHY8m5EO8C8y3hIbGmKtLyg==",
      "cpu": [
        "arm64"
      ],
      "optional": true,
      "os": [
        "linux"
      ],
      "engines": {
        "node": ">=10"
      }
    },
    "node_modules/@swc/core-linux-arm64-musl": {
      "version": "1.3.19",
      "resolved": "https://registry.npmjs.org/@swc/core-linux-arm64-musl/-/core-linux-arm64-musl-1.3.19.tgz",
      "integrity": "sha512-vipnF3C6T1368uHQqz8RpdszWxxGh0X8VBK3TdTOSWvI/duNZtZXEOZlB2Nh9w+u09umVw0MsJhvg86Aon39mA==",
      "cpu": [
        "arm64"
      ],
      "optional": true,
      "os": [
        "linux"
      ],
      "engines": {
        "node": ">=10"
      }
    },
    "node_modules/@swc/core-linux-x64-gnu": {
      "version": "1.3.19",
      "resolved": "https://registry.npmjs.org/@swc/core-linux-x64-gnu/-/core-linux-x64-gnu-1.3.19.tgz",
      "integrity": "sha512-dUbq8mnIqBhU7OppfY3ncOvl26691WFGxd97QtnnlfMZrKnaofKFMIxE9sTHOLSbBo16AylnEMiwa45w2UWDEg==",
      "cpu": [
        "x64"
      ],
      "optional": true,
      "os": [
        "linux"
      ],
      "engines": {
        "node": ">=10"
      }
    },
    "node_modules/@swc/core-linux-x64-musl": {
      "version": "1.3.19",
      "resolved": "https://registry.npmjs.org/@swc/core-linux-x64-musl/-/core-linux-x64-musl-1.3.19.tgz",
      "integrity": "sha512-RiVZrlkNGcj9jZyjF7YFOW3fj9fWPC25AYkknLpWxAmLQcp1piAWj+aSixmMWUC4QJau78VZzcm+kRgIOECALw==",
      "cpu": [
        "x64"
      ],
      "optional": true,
      "os": [
        "linux"
      ],
      "engines": {
        "node": ">=10"
      }
    },
    "node_modules/@swc/core-win32-arm64-msvc": {
      "version": "1.3.19",
      "resolved": "https://registry.npmjs.org/@swc/core-win32-arm64-msvc/-/core-win32-arm64-msvc-1.3.19.tgz",
      "integrity": "sha512-r2U6GC+go2iiLx5JBZIJswYFiMv0yOsm+pgE1srVvAc8dP02320t9yh0Uj4Sr2hDipTWJ33Y5PMZwEsZSfBVbQ==",
      "cpu": [
        "arm64"
      ],
      "optional": true,
      "os": [
        "win32"
      ],
      "engines": {
        "node": ">=10"
      }
    },
    "node_modules/@swc/core-win32-ia32-msvc": {
      "version": "1.3.19",
      "resolved": "https://registry.npmjs.org/@swc/core-win32-ia32-msvc/-/core-win32-ia32-msvc-1.3.19.tgz",
      "integrity": "sha512-SPpESDa4vr0PRvUiqXSi8oZSTmkDOGrZ/pSiLD7ISgjsQ5RQMbPkuEK0ztWljim87q2fO0bGVVhyaVYxdOVS1A==",
      "cpu": [
        "ia32"
      ],
      "optional": true,
      "os": [
        "win32"
      ],
      "engines": {
        "node": ">=10"
      }
    },
    "node_modules/@swc/core-win32-x64-msvc": {
      "version": "1.3.19",
      "resolved": "https://registry.npmjs.org/@swc/core-win32-x64-msvc/-/core-win32-x64-msvc-1.3.19.tgz",
      "integrity": "sha512-0X5HqFC1wQlheOQDZeF6KNOSURZKkGISNK3aTSmTq9g7dDJ/kTcVjsdKbu2rK4ibCnlC9IS0cLK9FpROnsVPwA==",
      "cpu": [
        "x64"
      ],
      "optional": true,
      "os": [
        "win32"
      ],
      "engines": {
        "node": ">=10"
      }
    },
    "node_modules/@types/node": {
      "version": "18.11.9",
      "resolved": "https://registry.npmjs.org/@types/node/-/node-18.11.9.tgz",
      "integrity": "sha512-CRpX21/kGdzjOpFsZSkcrXMGIBWMGNIHXXBVFSH+ggkftxg+XYP20TESbh+zFvFj3EQOl5byk0HTRn1IL6hbqg=="
    }
  },
  "dependencies": {
    "@swc/core": {
      "version": "1.3.19",
      "resolved": "https://registry.npmjs.org/@swc/core/-/core-1.3.19.tgz",
      "integrity": "sha512-KiXUv2vpmOaGhoLCN9Rw7Crsfq1YmOR2ZbajiqNAh/iu0d3CKn5JZhLRs6S7nCk78cwFFac2obQfTWPePLUe/g==",
      "requires": {
        "@swc/core-darwin-arm64": "1.3.19",
        "@swc/core-darwin-x64": "1.3.19",
        "@swc/core-linux-arm-gnueabihf": "1.3.19",
        "@swc/core-linux-arm64-gnu": "1.3.19",
        "@swc/core-linux-arm64-musl": "1.3.19",
        "@swc/core-linux-x64-gnu": "1.3.19",
        "@swc/core-linux-x64-musl": "1.3.19",
        "@swc/core-win32-arm64-msvc": "1.3.19",
        "@swc/core-win32-ia32-msvc": "1.3.19",
        "@swc/core-win32-x64-msvc": "1.3.19"
      }
    },
    "@swc/core-darwin-arm64": {
      "version": "1.3.19",
      "resolved": "https://registry.npmjs.org/@swc/core-darwin-arm64/-/core-darwin-arm64-1.3.19.tgz",
      "integrity": "sha512-6xLtmXzS4nNWGQkajbiAjGXspUJfxS2IWoGQ16J9nfOFdttKyoIG5o5+mxUfKeg5bXw9cI+r675kN/irx3z7MQ==",
      "optional": true
    },
    "@swc/core-darwin-x64": {
      "version": "1.3.19",
      "resolved": "https://registry.npmjs.org/@swc/core-darwin-x64/-/core-darwin-x64-1.3.19.tgz",
      "integrity": "sha512-qCDQcngYBeWrsNS1kcBslRD0dahKcYKaUUWRC9yHpRcs3SRvnSpJyWQR4y9RCdO9YNmixJ9+5+zPD9qcgL7jBw==",
      "optional": true
    },
    "@swc/core-linux-arm-gnueabihf": {
      "version": "1.3.19",
      "resolved": "https://registry.npmjs.org/@swc/core-linux-arm-gnueabihf/-/core-linux-arm-gnueabihf-1.3.19.tgz",
      "integrity": "sha512-ufbKW6Lhii1+kVCXnsHgqYIpRvXhPjdhMudfP4KKVgJtT6TsdEIr+KRAQIBHLjRUsTKA2DLsGEpu9jfjwFiNEg==",
      "optional": true
    },
    "@swc/core-linux-arm64-gnu": {
      "version": "1.3.19",
      "resolved": "https://registry.npmjs.org/@swc/core-linux-arm64-gnu/-/core-linux-arm64-gnu-1.3.19.tgz",
      "integrity": "sha512-HHhqLRZv9Ss8orJrlEP4XRcLuqLDwFtGgbtHU8kyWBmQEtK42uT18Pf5RJBo5sPJHY8m5EO8C8y3hIbGmKtLyg==",
      "optional": true
    },
    "@swc/core-linux-arm64-musl": {
      "version": "1.3.19",
      "resolved": "https://registry.npmjs.org/@swc/core-linux-arm64-musl/-/core-linux-arm64-musl-1.3.19.tgz",
      "integrity": "sha512-vipnF3C6T1368uHQqz8RpdszWxxGh0X8VBK3TdTOSWvI/duNZtZXEOZlB2Nh9w+u09umVw0MsJhvg86Aon39mA==",
      "optional": true
    },
    "@swc/core-linux-x64-gnu": {
      "version": "1.3.19",
      "resolved": "https://registry.npmjs.org/@swc/core-linux-x64-gnu/-/core-linux-x64-gnu-1.3.19.tgz",
      "integrity": "sha512-dUbq8mnIqBhU7OppfY3ncOvl26691WFGxd97QtnnlfMZrKnaofKFMIxE9sTHOLSbBo16AylnEMiwa45w2UWDEg==",
      "optional": true
    },
    "@swc/core-linux-x64-musl": {
      "version": "1.3.19",
      "resolved": "https://registry.npmjs.org/@swc/core-linux-x64-musl/-/core-linux-x64-musl-1.3.19.tgz",
      "integrity": "sha512-RiVZrlkNGcj9jZyjF7YFOW3fj9fWPC25AYkknLpWxAmLQcp1piAWj+aSixmMWUC4QJau78VZzcm+kRgIOECALw==",
      "optional": true
    },
    "@swc/core-win32-arm64-msvc": {
      "version": "1.3.19",
      "resolved": "https://registry.npmjs.org/@swc/core-win32-arm64-msvc/-/core-win32-arm64-msvc-1.3.19.tgz",
      "integrity": "sha512-r2U6GC+go2iiLx5JBZIJswYFiMv0yOsm+pgE1srVvAc8dP02320t9yh0Uj4Sr2hDipTWJ33Y5PMZwEsZSfBVbQ==",
      "optional": true
    },
    "@swc/core-win32-ia32-msvc": {
      "version": "1.3.19",
      "resolved": "https://registry.npmjs.org/@swc/core-win32-ia32-msvc/-/core-win32-ia32-msvc-1.3.19.tgz",
      "integrity": "sha512-SPpESDa4vr0PRvUiqXSi8oZSTmkDOGrZ/pSiLD7ISgjsQ5RQMbPkuEK0ztWljim87q2fO0bGVVhyaVYxdOVS1A==",
      "optional": true
    },
    "@swc/core-win32-x64-msvc": {
      "version": "1.3.19",
      "resolved": "https://registry.npmjs.org/@swc/core-win32-x64-msvc/-/core-win32-x64-msvc-1.3.19.tgz",
      "integrity": "sha512-0X5HqFC1wQlheOQDZeF6KNOSURZKkGISNK3aTSmTq9g7dDJ/kTcVjsdKbu2rK4ibCnlC9IS0cLK9FpROnsVPwA==",
      "optional": true
    },
    "@types/node": {
      "version": "18.11.9",
      "resolved": "https://registry.npmjs.org/@types/node/-/node-18.11.9.tgz",
      "integrity": "sha512-CRpX21/kGdzjOpFsZSkcrXMGIBWMGNIHXXBVFSH+ggkftxg+XYP20TESbh+zFvFj3EQOl5byk0HTRn1IL6hbqg=="
    }
  }
}
